
Microsoft Visual Studio Solution File, Format Version 12.00
# Visual Studio Version 16
VisualStudioVersion = 16.0.30907.101
MinimumVisualStudioVersion = 10.0.40219.1
Project("{9A19103F-16F7-4668-BE54-9A1E7A4F7556}") = "ClassLibraryForMyApp", "ClassLibraryForMyApp\ClassLibraryForMyApp.csproj", "{A15CF167-73D9-47D0-BAA1-5948D71C6864}"
EndProject
Project("{FAE04EC0-301F-11D3-BF4B-00C04F79EFBC}") = "TestApp_FileByteCount", "ConsoleTestApp_FileByteCount\TestApp_FileByteCount.csproj", "{17955E6E-CA3D-4A0B-A261-F8AE6BB7A7D0}"
EndProject
Project("{FAE04EC0-301F-11D3-BF4B-00C04F79EFBC}") = "WinFormTestApp_FileByteCount", "WinFormTestApp_FileByteCount\WinFormTestApp_FileByteCount.csproj", "{223E8827-A1CD-449C-A88E-765C9499C1EB}"
EndProject
Project("{FAE04EC0-301F-11D3-BF4B-00C04F79EFBC}") = "MyUnitTest", "MyUnitTest\MyUnitTest.csproj", "{8379E424-FE71-4A6B-BE93-9042232C41AF}"
EndProject
Global
	GlobalSection(SolutionConfigurationPlatforms) = preSolution
		Debug|Any CPU = Debug|Any CPU
		Release|Any CPU = Release|Any CPU
	EndGlobalSection
	GlobalSection(ProjectConfigurationPlatforms) = postSolution
		{A15CF167-73D9-47D0-BAA1-5948D71C6864}.Debug|Any CPU.ActiveCfg = Debug|Any CPU
		{A15CF167-73D9-47D0-BAA1-5948D71C6864}.Debug|Any CPU.Build.0 = Debug|Any CPU
		{A15CF167-73D9-47D0-BAA1-5948D71C6864}.Release|Any CPU.ActiveCfg = Release|Any CPU
		{A15CF167-73D9-47D0-BAA1-5948D71C6864}.Release|Any CPU.Build.0 = Release|Any CPU
		{17955E6E-CA3D-4A0B-A261-F8AE6BB7A7D0}.Debug|Any CPU.ActiveCfg = Debug|Any CPU
		{17955E6E-CA3D-4A0B-A261-F8AE6BB7A7D0}.Debug|Any CPU.Build.0 = Debug|Any CPU
		{17955E6E-CA3D-4A0B-A261-F8AE6BB7A7D0}.Release|Any CPU.ActiveCfg = Release|Any CPU
		{17955E6E-CA3D-4A0B-A261-F8AE6BB7A7D0}.Release|Any CPU.Build.0 = Release|Any CPU
		{223E8827-A1CD-449C-A88E-765C9499C1EB}.Debug|Any CPU.ActiveCfg = Debug|Any CPU
		{223E8827-A1CD-449C-A88E-765C9499C1EB}.Debug|Any CPU.Build.0 = Debug|Any CPU
		{223E8827-A1CD-449C-A88E-765C9499C1EB}.Release|Any CPU.ActiveCfg = Release|Any CPU
		{223E8827-A1CD-449C-A88E-765C9499C1EB}.Release|Any CPU.Build.0 = Release|Any CPU
		{8379E424-FE71-4A6B-BE93-9042232C41AF}.Debug|Any CPU.ActiveCfg = Debug|Any CPU
		{8379E424-FE71-4A6B-BE93-9042232C41AF}.Debug|Any CPU.Build.0 = Debug|Any CPU
		{8379E424-FE71-4A6B-BE93-9042232C41AF}.Release|Any CPU.ActiveCfg = Release|Any CPU
		{8379E424-FE71-4A6B-BE93-9042232C41AF}.Release|Any CPU.Build.0 = Release|Any CPU
	EndGlobalSection
	GlobalSection(SolutionProperties) = preSolution
		HideSolutionNode = FALSE
	EndGlobalSection
	GlobalSection(ExtensibilityGlobals) = postSolution
		SolutionGuid = {755BB643-AC71-4D43-80EB-C2AE49521F8D}
	EndGlobalSection
EndGlobal
